{
  "version": 4,
  "terraform_version": "1.9.2",
  "serial": 55,
  "lineage": "b86327a4-ab97-0122-8020-3386a3d76e3e",
  "outputs": {
    "lambda_arn": {
      "value": "arn:aws:lambda:ap-northeast-1:982081077030:function:lambda_for_alerting",
      "type": "string"
    },
    "sns_topic_arn": {
      "value": "arn:aws:sns:ap-northeast-1:982081077030:alertmequick",
      "type": "string"
    }
  },
  "resources": [
    {
      "mode": "data",
      "type": "archive_file",
      "name": "lambda",
      "provider": "provider[\"registry.terraform.io/hashicorp/archive\"]",
      "instances": [
        {
          "schema_version": 0,
          "attributes": {
            "exclude_symlink_directories": null,
            "excludes": null,
            "id": "2b6c63d431dcaea7db35dd048994fc9ee1b63eaa",
            "output_base64sha256": "ERDzDxWLK2AGcXzoNMquGqaHAwK19+0Gv0EW00199q8=",
            "output_base64sha512": "I+ehv2se/Ij8LVHLIK8JlxAx3kurBVurPzcNVgaZwYGBhqhgOLJe5CDm1/pQ2jiyC6FKttYzg3AdsQvddX6bOQ==",
            "output_file_mode": null,
            "output_md5": "dcc9dcd36792242ae6dc67b1245a54b4",
            "output_path": "./../code/lambda.zip",
            "output_sha": "2b6c63d431dcaea7db35dd048994fc9ee1b63eaa",
            "output_sha256": "1110f30f158b2b6006717ce834caae1aa6870302b5f7ed06bf4116d34d7df6af",
            "output_sha512": "23e7a1bf6b1efc88fc2d51cb20af09971031de4bab055bab3f370d560699c1818186a86038b25ee420e6d7fa50da38b20ba14ab6d63383701db10bdd757e9b39",
            "output_size": 2260,
            "source": [],
            "source_content": null,
            "source_content_filename": null,
            "source_dir": "./../code",
            "source_file": null,
            "type": "zip"
          },
          "sensitive_attributes": []
        }
      ]
    },
    {
      "mode": "data",
      "type": "aws_caller_identity",
      "name": "current",
      "provider": "provider[\"registry.terraform.io/hashicorp/aws\"]",
      "instances": [
        {
          "schema_version": 0,
          "attributes": {
            "account_id": "982081077030",
            "arn": "arn:aws:iam::982081077030:user/Admin-Tanvir",
            "id": "982081077030",
            "user_id": "AIDA6JKEX74TAUH7ALG5D"
          },
          "sensitive_attributes": []
        }
      ]
    },
    {
      "mode": "data",
      "type": "aws_iam_policy_document",
      "name": "cloudtrail_bucket_policy",
      "provider": "provider[\"registry.terraform.io/hashicorp/aws\"]",
      "instances": [
        {
          "schema_version": 0,
          "attributes": {
            "id": "2860624319",
            "json": "{\n  \"Version\": \"2012-10-17\",\n  \"Statement\": [\n    {\n      \"Sid\": \"AWSCloudTrailAclCheck\",\n      \"Effect\": \"Allow\",\n      \"Action\": \"s3:GetBucketAcl\",\n      \"Resource\": \"arn:aws:s3:::my-cloudtrail-bucket202505301625\",\n      \"Principal\": {\n        \"Service\": \"cloudtrail.amazonaws.com\"\n      },\n      \"Condition\": {\n        \"StringEquals\": {\n          \"aws:SourceArn\": \"arn:aws:cloudtrail:ap-northeast-1:982081077030:trail/my-cloudtrail\"\n        }\n      }\n    },\n    {\n      \"Sid\": \"AWSCloudTrailWrite\",\n      \"Effect\": \"Allow\",\n      \"Action\": \"s3:PutObject\",\n      \"Resource\": \"arn:aws:s3:::my-cloudtrail-bucket202505301625/*\",\n      \"Principal\": {\n        \"Service\": \"cloudtrail.amazonaws.com\"\n      },\n      \"Condition\": {\n        \"StringEquals\": {\n          \"aws:SourceArn\": \"arn:aws:cloudtrail:ap-northeast-1:982081077030:trail/my-cloudtrail\",\n          \"s3:x-amz-acl\": \"bucket-owner-full-control\"\n        }\n      }\n    }\n  ]\n}",
            "minified_json": "{\"Version\":\"2012-10-17\",\"Statement\":[{\"Sid\":\"AWSCloudTrailAclCheck\",\"Effect\":\"Allow\",\"Action\":\"s3:GetBucketAcl\",\"Resource\":\"arn:aws:s3:::my-cloudtrail-bucket202505301625\",\"Principal\":{\"Service\":\"cloudtrail.amazonaws.com\"},\"Condition\":{\"StringEquals\":{\"aws:SourceArn\":\"arn:aws:cloudtrail:ap-northeast-1:982081077030:trail/my-cloudtrail\"}}},{\"Sid\":\"AWSCloudTrailWrite\",\"Effect\":\"Allow\",\"Action\":\"s3:PutObject\",\"Resource\":\"arn:aws:s3:::my-cloudtrail-bucket202505301625/*\",\"Principal\":{\"Service\":\"cloudtrail.amazonaws.com\"},\"Condition\":{\"StringEquals\":{\"aws:SourceArn\":\"arn:aws:cloudtrail:ap-northeast-1:982081077030:trail/my-cloudtrail\",\"s3:x-amz-acl\":\"bucket-owner-full-control\"}}}]}",
            "override_json": null,
            "override_policy_documents": null,
            "policy_id": null,
            "source_json": null,
            "source_policy_documents": null,
            "statement": [
              {
                "actions": [
                  "s3:GetBucketAcl"
                ],
                "condition": [
                  {
                    "test": "StringEquals",
                    "values": [
                      "arn:aws:cloudtrail:ap-northeast-1:982081077030:trail/my-cloudtrail"
                    ],
                    "variable": "aws:SourceArn"
                  }
                ],
                "effect": "Allow",
                "not_actions": [],
                "not_principals": [],
                "not_resources": [],
                "principals": [
                  {
                    "identifiers": [
                      "cloudtrail.amazonaws.com"
                    ],
                    "type": "Service"
                  }
                ],
                "resources": [
                  "arn:aws:s3:::my-cloudtrail-bucket202505301625"
                ],
                "sid": "AWSCloudTrailAclCheck"
              },
              {
                "actions": [
                  "s3:PutObject"
                ],
                "condition": [
                  {
                    "test": "StringEquals",
                    "values": [
                      "arn:aws:cloudtrail:ap-northeast-1:982081077030:trail/my-cloudtrail"
                    ],
                    "variable": "aws:SourceArn"
                  },
                  {
                    "test": "StringEquals",
                    "values": [
                      "bucket-owner-full-control"
                    ],
                    "variable": "s3:x-amz-acl"
                  }
                ],
                "effect": "Allow",
                "not_actions": [],
                "not_principals": [],
                "not_resources": [],
                "principals": [
                  {
                    "identifiers": [
                      "cloudtrail.amazonaws.com"
                    ],
                    "type": "Service"
                  }
                ],
                "resources": [
                  "arn:aws:s3:::my-cloudtrail-bucket202505301625/*"
                ],
                "sid": "AWSCloudTrailWrite"
              }
            ],
            "version": "2012-10-17"
          },
          "sensitive_attributes": []
        }
      ]
    },
    {
      "mode": "data",
      "type": "aws_region",
      "name": "current",
      "provider": "provider[\"registry.terraform.io/hashicorp/aws\"]",
      "instances": [
        {
          "schema_version": 0,
          "attributes": {
            "description": "Asia Pacific (Tokyo)",
            "endpoint": "ec2.ap-northeast-1.amazonaws.com",
            "id": "ap-northeast-1",
            "name": "ap-northeast-1"
          },
          "sensitive_attributes": []
        }
      ]
    },
    {
      "mode": "managed",
      "type": "aws_cloudtrail",
      "name": "cloudtrail",
      "provider": "provider[\"registry.terraform.io/hashicorp/aws\"]",
      "instances": [
        {
          "schema_version": 1,
          "attributes": {
            "advanced_event_selector": [],
            "arn": "arn:aws:cloudtrail:ap-northeast-1:982081077030:trail/my-cloudtrail",
            "cloud_watch_logs_group_arn": "",
            "cloud_watch_logs_role_arn": "",
            "enable_log_file_validation": true,
            "enable_logging": true,
            "event_selector": [],
            "home_region": "ap-northeast-1",
            "id": "arn:aws:cloudtrail:ap-northeast-1:982081077030:trail/my-cloudtrail",
            "include_global_service_events": true,
            "insight_selector": [],
            "is_multi_region_trail": true,
            "is_organization_trail": false,
            "kms_key_id": "",
            "name": "my-cloudtrail",
            "s3_bucket_name": "my-cloudtrail-bucket202505301625",
            "s3_key_prefix": "",
            "sns_topic_arn": "",
            "sns_topic_name": "",
            "tags": {},
            "tags_all": {}
          },
          "sensitive_attributes": [],
          "private": "eyJzY2hlbWFfdmVyc2lvbiI6IjEifQ==",
          "dependencies": [
            "aws_s3_bucket.cloudtrail_bucket",
            "aws_s3_bucket_policy.cloudtrail_bucket_policy",
            "data.aws_caller_identity.current",
            "data.aws_iam_policy_document.cloudtrail_bucket_policy",
            "data.aws_region.current"
          ]
        }
      ]
    },
    {
      "mode": "managed",
      "type": "aws_cloudwatch_event_rule",
      "name": "notify_me",
      "provider": "provider[\"registry.terraform.io/hashicorp/aws\"]",
      "instances": [
        {
          "schema_version": 1,
          "attributes": {
            "arn": "arn:aws:events:ap-northeast-1:982081077030:rule/notify-me",
            "description": "Capture S3 bucket events from CloudTrail",
            "event_bus_name": "default",
            "event_pattern": "{\"detail\":{\"eventName\":[\"CreateBucket\",\"DeleteBucket\",\"PutBucketPolicy\",\"DeleteBucketPolicy\",\"PutBucketAcl\",\"DeleteBucketAcl\"],\"eventSource\":[\"s3.amazonaws.com\"]},\"detail-type\":[\"AWS API Call via CloudTrail\"],\"source\":[\"aws.s3\"]}",
            "force_destroy": false,
            "id": "notify-me",
            "is_enabled": true,
            "name": "notify-me",
            "name_prefix": "",
            "role_arn": "",
            "schedule_expression": "",
            "state": "ENABLED",
            "tags": {},
            "tags_all": {}
          },
          "sensitive_attributes": [],
          "private": "eyJzY2hlbWFfdmVyc2lvbiI6IjEifQ=="
        }
      ]
    },
    {
      "mode": "managed",
      "type": "aws_cloudwatch_event_target",
      "name": "debug_target",
      "provider": "provider[\"registry.terraform.io/hashicorp/aws\"]",
      "instances": [
        {
          "schema_version": 1,
          "attributes": {
            "appsync_target": [],
            "arn": "arn:aws:logs:ap-northeast-1:982081077030:log-group:/aws/events/rule/notify-me",
            "batch_target": [],
            "dead_letter_config": [],
            "ecs_target": [],
            "event_bus_name": "default",
            "force_destroy": false,
            "http_target": [],
            "id": "notify-me-SendToCloudWatchLogs",
            "input": "",
            "input_path": "",
            "input_transformer": [],
            "kinesis_target": [],
            "redshift_target": [],
            "retry_policy": [],
            "role_arn": "",
            "rule": "notify-me",
            "run_command_targets": [],
            "sagemaker_pipeline_target": [],
            "sqs_target": [],
            "target_id": "SendToCloudWatchLogs"
          },
          "sensitive_attributes": [],
          "private": "eyJzY2hlbWFfdmVyc2lvbiI6IjEifQ==",
          "dependencies": [
            "aws_cloudwatch_event_rule.notify_me",
            "aws_cloudwatch_log_group.eventbridge_logs"
          ]
        }
      ]
    },
    {
      "mode": "managed",
      "type": "aws_cloudwatch_event_target",
      "name": "notify_me_target",
      "provider": "provider[\"registry.terraform.io/hashicorp/aws\"]",
      "instances": [
        {
          "schema_version": 1,
          "attributes": {
            "appsync_target": [],
            "arn": "arn:aws:lambda:ap-northeast-1:982081077030:function:lambda_for_alerting",
            "batch_target": [],
            "dead_letter_config": [],
            "ecs_target": [],
            "event_bus_name": "default",
            "force_destroy": false,
            "http_target": [],
            "id": "notify-me-SendToLambda",
            "input": "",
            "input_path": "",
            "input_transformer": [],
            "kinesis_target": [],
            "redshift_target": [],
            "retry_policy": [],
            "role_arn": "",
            "rule": "notify-me",
            "run_command_targets": [],
            "sagemaker_pipeline_target": [],
            "sqs_target": [],
            "target_id": "SendToLambda"
          },
          "sensitive_attributes": [],
          "private": "eyJzY2hlbWFfdmVyc2lvbiI6IjEifQ==",
          "dependencies": [
            "aws_cloudwatch_event_rule.notify_me",
            "aws_iam_role.lambda_role",
            "aws_lambda_function.lambda_for_alerting",
            "data.archive_file.lambda"
          ]
        }
      ]
    },
    {
      "mode": "managed",
      "type": "aws_cloudwatch_log_group",
      "name": "cloudtrail_logs",
      "provider": "provider[\"registry.terraform.io/hashicorp/aws\"]",
      "instances": [
        {
          "schema_version": 0,
          "attributes": {
            "arn": "arn:aws:logs:ap-northeast-1:982081077030:log-group:/aws/cloudtrail/my-cloudtrail",
            "id": "/aws/cloudtrail/my-cloudtrail",
            "kms_key_id": "",
            "log_group_class": "STANDARD",
            "name": "/aws/cloudtrail/my-cloudtrail",
            "name_prefix": "",
            "retention_in_days": 30,
            "skip_destroy": false,
            "tags": {},
            "tags_all": {}
          },
          "sensitive_attributes": [],
          "private": "bnVsbA=="
        }
      ]
    },
    {
      "mode": "managed",
      "type": "aws_cloudwatch_log_group",
      "name": "eventbridge_logs",
      "provider": "provider[\"registry.terraform.io/hashicorp/aws\"]",
      "instances": [
        {
          "schema_version": 0,
          "attributes": {
            "arn": "arn:aws:logs:ap-northeast-1:982081077030:log-group:/aws/events/rule/notify-me",
            "id": "/aws/events/rule/notify-me",
            "kms_key_id": "",
            "log_group_class": "STANDARD",
            "name": "/aws/events/rule/notify-me",
            "name_prefix": "",
            "retention_in_days": 7,
            "skip_destroy": false,
            "tags": {},
            "tags_all": {}
          },
          "sensitive_attributes": [],
          "private": "bnVsbA=="
        }
      ]
    },
    {
      "mode": "managed",
      "type": "aws_cloudwatch_log_group",
      "name": "lambda_logs",
      "provider": "provider[\"registry.terraform.io/hashicorp/aws\"]",
      "instances": [
        {
          "schema_version": 0,
          "attributes": {
            "arn": "arn:aws:logs:ap-northeast-1:982081077030:log-group:/aws/lambda/lambda_for_alerting",
            "id": "/aws/lambda/lambda_for_alerting",
            "kms_key_id": "",
            "log_group_class": "STANDARD",
            "name": "/aws/lambda/lambda_for_alerting",
            "name_prefix": "",
            "retention_in_days": 14,
            "skip_destroy": false,
            "tags": {},
            "tags_all": {}
          },
          "sensitive_attributes": [],
          "private": "bnVsbA=="
        }
      ]
    },
    {
      "mode": "managed",
      "type": "aws_cloudwatch_metric_alarm",
      "name": "eventbridge_failures",
      "provider": "provider[\"registry.terraform.io/hashicorp/aws\"]",
      "instances": [
        {
          "schema_version": 1,
          "attributes": {
            "actions_enabled": true,
            "alarm_actions": [
              "arn:aws:sns:ap-northeast-1:982081077030:alertmequick"
            ],
            "alarm_description": "This metric monitors EventBridge rule failures",
            "alarm_name": "eventbridge-rule-failures",
            "arn": "arn:aws:cloudwatch:ap-northeast-1:982081077030:alarm:eventbridge-rule-failures",
            "comparison_operator": "GreaterThanThreshold",
            "datapoints_to_alarm": 0,
            "dimensions": {
              "RuleName": "notify-me"
            },
            "evaluate_low_sample_count_percentiles": "",
            "evaluation_periods": 1,
            "extended_statistic": "",
            "id": "eventbridge-rule-failures",
            "insufficient_data_actions": [],
            "metric_name": "FailedInvocations",
            "metric_query": [],
            "namespace": "AWS/Events",
            "ok_actions": [],
            "period": 300,
            "statistic": "Sum",
            "tags": {},
            "tags_all": {},
            "threshold": 0,
            "threshold_metric_id": "",
            "treat_missing_data": "missing",
            "unit": ""
          },
          "sensitive_attributes": [],
          "private": "eyJzY2hlbWFfdmVyc2lvbiI6IjEifQ==",
          "dependencies": [
            "aws_cloudwatch_event_rule.notify_me",
            "aws_sns_topic.alert-me"
          ]
        }
      ]
    },
    {
      "mode": "managed",
      "type": "aws_cloudwatch_metric_alarm",
      "name": "lambda_errors",
      "provider": "provider[\"registry.terraform.io/hashicorp/aws\"]",
      "instances": [
        {
          "schema_version": 1,
          "attributes": {
            "actions_enabled": true,
            "alarm_actions": [
              "arn:aws:sns:ap-northeast-1:982081077030:alertmequick"
            ],
            "alarm_description": "This metric monitors lambda errors",
            "alarm_name": "lambda-alerting-errors",
            "arn": "arn:aws:cloudwatch:ap-northeast-1:982081077030:alarm:lambda-alerting-errors",
            "comparison_operator": "GreaterThanThreshold",
            "datapoints_to_alarm": 0,
            "dimensions": {
              "FunctionName": "lambda_for_alerting"
            },
            "evaluate_low_sample_count_percentiles": "",
            "evaluation_periods": 2,
            "extended_statistic": "",
            "id": "lambda-alerting-errors",
            "insufficient_data_actions": [],
            "metric_name": "Errors",
            "metric_query": [],
            "namespace": "AWS/Lambda",
            "ok_actions": [],
            "period": 60,
            "statistic": "Sum",
            "tags": {},
            "tags_all": {},
            "threshold": 0,
            "threshold_metric_id": "",
            "treat_missing_data": "missing",
            "unit": ""
          },
          "sensitive_attributes": [],
          "private": "eyJzY2hlbWFfdmVyc2lvbiI6IjEifQ==",
          "dependencies": [
            "aws_iam_role.lambda_role",
            "aws_lambda_function.lambda_for_alerting",
            "aws_sns_topic.alert-me",
            "data.archive_file.lambda"
          ]
        }
      ]
    },
    {
      "mode": "managed",
      "type": "aws_iam_policy",
      "name": "lambda_policy",
      "provider": "provider[\"registry.terraform.io/hashicorp/aws\"]",
      "instances": [
        {
          "schema_version": 0,
          "attributes": {
            "arn": "arn:aws:iam::982081077030:policy/allow_lambda_ssm_policy",
            "attachment_count": 1,
            "description": "",
            "id": "arn:aws:iam::982081077030:policy/allow_lambda_ssm_policy",
            "name": "allow_lambda_ssm_policy",
            "name_prefix": "",
            "path": "/",
            "policy": "{\"Statement\":[{\"Action\":[\"ssm:GetParameter\"],\"Effect\":\"Allow\",\"Resource\":\"arn:aws:ssm:*:*:parameter/alerts/*\"},{\"Action\":[\"sns:Publish\"],\"Effect\":\"Allow\",\"Resource\":\"arn:aws:sns:ap-northeast-1:982081077030:alertmequick\"},{\"Action\":[\"logs:CreateLogGroup\",\"logs:CreateLogStream\",\"logs:PutLogEvents\"],\"Effect\":\"Allow\",\"Resource\":\"arn:aws:logs:*:*:*\"}],\"Version\":\"2012-10-17\"}",
            "policy_id": "ANPA6JKEX74TMAOXWHGWI",
            "tags": {},
            "tags_all": {}
          },
          "sensitive_attributes": [],
          "private": "bnVsbA==",
          "dependencies": [
            "aws_sns_topic.alert-me"
          ]
        }
      ]
    },
    {
      "mode": "managed",
      "type": "aws_iam_policy_attachment",
      "name": "lamba_role_policy_attachment",
      "provider": "provider[\"registry.terraform.io/hashicorp/aws\"]",
      "instances": [
        {
          "schema_version": 0,
          "attributes": {
            "groups": [],
            "id": "lambda_ssm_sns",
            "name": "lambda_ssm_sns",
            "policy_arn": "arn:aws:iam::982081077030:policy/allow_lambda_ssm_policy",
            "roles": [
              "lambda_role_ssm_sns"
            ],
            "users": []
          },
          "sensitive_attributes": [],
          "private": "bnVsbA==",
          "dependencies": [
            "aws_iam_policy.lambda_policy",
            "aws_iam_role.lambda_role",
            "aws_sns_topic.alert-me"
          ]
        }
      ]
    },
    {
      "mode": "managed",
      "type": "aws_iam_role",
      "name": "lambda_role",
      "provider": "provider[\"registry.terraform.io/hashicorp/aws\"]",
      "instances": [
        {
          "schema_version": 0,
          "attributes": {
            "arn": "arn:aws:iam::982081077030:role/lambda_role_ssm_sns",
            "assume_role_policy": "{\"Statement\":[{\"Action\":\"sts:AssumeRole\",\"Effect\":\"Allow\",\"Principal\":{\"Service\":\"lambda.amazonaws.com\"},\"Sid\":\"\"}],\"Version\":\"2012-10-17\"}",
            "create_date": "2025-06-01T00:29:04Z",
            "description": "",
            "force_detach_policies": false,
            "id": "lambda_role_ssm_sns",
            "inline_policy": [],
            "managed_policy_arns": [
              "arn:aws:iam::982081077030:policy/allow_lambda_ssm_policy"
            ],
            "max_session_duration": 3600,
            "name": "lambda_role_ssm_sns",
            "name_prefix": "",
            "path": "/",
            "permissions_boundary": "",
            "tags": {},
            "tags_all": {},
            "unique_id": "AROA6JKEX74TEN7QAHHXF"
          },
          "sensitive_attributes": [],
          "private": "bnVsbA=="
        }
      ]
    },
    {
      "mode": "managed",
      "type": "aws_lambda_function",
      "name": "lambda_for_alerting",
      "provider": "provider[\"registry.terraform.io/hashicorp/aws\"]",
      "instances": [
        {
          "schema_version": 0,
          "attributes": {
            "architectures": [
              "x86_64"
            ],
            "arn": "arn:aws:lambda:ap-northeast-1:982081077030:function:lambda_for_alerting",
            "code_sha256": "ERDzDxWLK2AGcXzoNMquGqaHAwK19+0Gv0EW00199q8=",
            "code_signing_config_arn": "",
            "dead_letter_config": [],
            "description": "",
            "environment": [],
            "ephemeral_storage": [
              {
                "size": 512
              }
            ],
            "file_system_config": [],
            "filename": "./../code/lambda.zip",
            "function_name": "lambda_for_alerting",
            "handler": "lambda.lambda_handler",
            "id": "lambda_for_alerting",
            "image_config": [],
            "image_uri": "",
            "invoke_arn": "arn:aws:apigateway:ap-northeast-1:lambda:path/2015-03-31/functions/arn:aws:lambda:ap-northeast-1:982081077030:function:lambda_for_alerting/invocations",
            "kms_key_arn": "",
            "last_modified": "2025-06-01T03:58:40.000+0000",
            "layers": [],
            "logging_config": [
              {
                "application_log_level": "",
                "log_format": "Text",
                "log_group": "/aws/lambda/lambda_for_alerting",
                "system_log_level": ""
              }
            ],
            "memory_size": 128,
            "package_type": "Zip",
            "publish": false,
            "qualified_arn": "arn:aws:lambda:ap-northeast-1:982081077030:function:lambda_for_alerting:$LATEST",
            "qualified_invoke_arn": "arn:aws:apigateway:ap-northeast-1:lambda:path/2015-03-31/functions/arn:aws:lambda:ap-northeast-1:982081077030:function:lambda_for_alerting:$LATEST/invocations",
            "replace_security_groups_on_destroy": null,
            "replacement_security_group_ids": null,
            "reserved_concurrent_executions": -1,
            "role": "arn:aws:iam::982081077030:role/lambda_role_ssm_sns",
            "runtime": "python3.9",
            "s3_bucket": null,
            "s3_key": null,
            "s3_object_version": null,
            "signing_job_arn": "",
            "signing_profile_version_arn": "",
            "skip_destroy": false,
            "snap_start": [],
            "source_code_hash": "ERDzDxWLK2AGcXzoNMquGqaHAwK19+0Gv0EW00199q8=",
            "source_code_size": 2260,
            "tags": {},
            "tags_all": {},
            "timeout": 3,
            "timeouts": null,
            "tracing_config": [
              {
                "mode": "PassThrough"
              }
            ],
            "version": "$LATEST",
            "vpc_config": []
          },
          "sensitive_attributes": [],
          "private": "eyJlMmJmYjczMC1lY2FhLTExZTYtOGY4OC0zNDM2M2JjN2M0YzAiOnsiY3JlYXRlIjo2MDAwMDAwMDAwMDAsImRlbGV0ZSI6NjAwMDAwMDAwMDAwLCJ1cGRhdGUiOjYwMDAwMDAwMDAwMH19",
          "dependencies": [
            "aws_iam_role.lambda_role",
            "data.archive_file.lambda"
          ]
        }
      ]
    },
    {
      "mode": "managed",
      "type": "aws_lambda_permission",
      "name": "allow_eventbridge",
      "provider": "provider[\"registry.terraform.io/hashicorp/aws\"]",
      "instances": [
        {
          "schema_version": 0,
          "attributes": {
            "action": "lambda:InvokeFunction",
            "event_source_token": null,
            "function_name": "lambda_for_alerting",
            "function_url_auth_type": null,
            "id": "AllowExecutionFromEventBridge",
            "principal": "events.amazonaws.com",
            "principal_org_id": null,
            "qualifier": "",
            "source_account": null,
            "source_arn": "arn:aws:events:ap-northeast-1:982081077030:rule/notify-me",
            "statement_id": "AllowExecutionFromEventBridge",
            "statement_id_prefix": ""
          },
          "sensitive_attributes": [],
          "private": "bnVsbA==",
          "dependencies": [
            "aws_cloudwatch_event_rule.notify_me",
            "aws_iam_role.lambda_role",
            "aws_lambda_function.lambda_for_alerting",
            "data.archive_file.lambda"
          ]
        }
      ]
    },
    {
      "mode": "managed",
      "type": "aws_s3_bucket",
      "name": "cloudtrail_bucket",
      "provider": "provider[\"registry.terraform.io/hashicorp/aws\"]",
      "instances": [
        {
          "schema_version": 0,
          "attributes": {
            "acceleration_status": "",
            "acl": null,
            "arn": "arn:aws:s3:::my-cloudtrail-bucket202505301625",
            "bucket": "my-cloudtrail-bucket202505301625",
            "bucket_domain_name": "my-cloudtrail-bucket202505301625.s3.amazonaws.com",
            "bucket_prefix": "",
            "bucket_regional_domain_name": "my-cloudtrail-bucket202505301625.s3.ap-northeast-1.amazonaws.com",
            "cors_rule": [],
            "force_destroy": true,
            "grant": [
              {
                "id": "21cbc3f2dc67af8c7f30930aae65362f9a509833db4ad36c876a98a5ce280a44",
                "permissions": [
                  "FULL_CONTROL"
                ],
                "type": "CanonicalUser",
                "uri": ""
              }
            ],
            "hosted_zone_id": "Z2M4EHUR26P7ZW",
            "id": "my-cloudtrail-bucket202505301625",
            "lifecycle_rule": [],
            "logging": [],
            "object_lock_configuration": [],
            "object_lock_enabled": false,
            "policy": "{\"Statement\":[{\"Action\":\"s3:GetBucketAcl\",\"Condition\":{\"StringEquals\":{\"aws:SourceArn\":\"arn:aws:cloudtrail:ap-northeast-1:982081077030:trail/my-cloudtrail\"}},\"Effect\":\"Allow\",\"Principal\":{\"Service\":\"cloudtrail.amazonaws.com\"},\"Resource\":\"arn:aws:s3:::my-cloudtrail-bucket202505301625\",\"Sid\":\"AWSCloudTrailAclCheck\"},{\"Action\":\"s3:PutObject\",\"Condition\":{\"StringEquals\":{\"aws:SourceArn\":\"arn:aws:cloudtrail:ap-northeast-1:982081077030:trail/my-cloudtrail\",\"s3:x-amz-acl\":\"bucket-owner-full-control\"}},\"Effect\":\"Allow\",\"Principal\":{\"Service\":\"cloudtrail.amazonaws.com\"},\"Resource\":\"arn:aws:s3:::my-cloudtrail-bucket202505301625/*\",\"Sid\":\"AWSCloudTrailWrite\"}],\"Version\":\"2012-10-17\"}",
            "region": "ap-northeast-1",
            "replication_configuration": [],
            "request_payer": "BucketOwner",
            "server_side_encryption_configuration": [
              {
                "rule": [
                  {
                    "apply_server_side_encryption_by_default": [
                      {
                        "kms_master_key_id": "",
                        "sse_algorithm": "AES256"
                      }
                    ],
                    "bucket_key_enabled": false
                  }
                ]
              }
            ],
            "tags": {},
            "tags_all": {},
            "timeouts": null,
            "versioning": [
              {
                "enabled": false,
                "mfa_delete": false
              }
            ],
            "website": [],
            "website_domain": null,
            "website_endpoint": null
          },
          "sensitive_attributes": [],
          "private": "eyJlMmJmYjczMC1lY2FhLTExZTYtOGY4OC0zNDM2M2JjN2M0YzAiOnsiY3JlYXRlIjoxMjAwMDAwMDAwMDAwLCJkZWxldGUiOjM2MDAwMDAwMDAwMDAsInJlYWQiOjEyMDAwMDAwMDAwMDAsInVwZGF0ZSI6MTIwMDAwMDAwMDAwMH19"
        }
      ]
    },
    {
      "mode": "managed",
      "type": "aws_s3_bucket_policy",
      "name": "cloudtrail_bucket_policy",
      "provider": "provider[\"registry.terraform.io/hashicorp/aws\"]",
      "instances": [
        {
          "schema_version": 0,
          "attributes": {
            "bucket": "my-cloudtrail-bucket202505301625",
            "id": "my-cloudtrail-bucket202505301625",
            "policy": "{\"Statement\":[{\"Action\":\"s3:GetBucketAcl\",\"Condition\":{\"StringEquals\":{\"aws:SourceArn\":\"arn:aws:cloudtrail:ap-northeast-1:982081077030:trail/my-cloudtrail\"}},\"Effect\":\"Allow\",\"Principal\":{\"Service\":\"cloudtrail.amazonaws.com\"},\"Resource\":\"arn:aws:s3:::my-cloudtrail-bucket202505301625\",\"Sid\":\"AWSCloudTrailAclCheck\"},{\"Action\":\"s3:PutObject\",\"Condition\":{\"StringEquals\":{\"aws:SourceArn\":\"arn:aws:cloudtrail:ap-northeast-1:982081077030:trail/my-cloudtrail\",\"s3:x-amz-acl\":\"bucket-owner-full-control\"}},\"Effect\":\"Allow\",\"Principal\":{\"Service\":\"cloudtrail.amazonaws.com\"},\"Resource\":\"arn:aws:s3:::my-cloudtrail-bucket202505301625/*\",\"Sid\":\"AWSCloudTrailWrite\"}],\"Version\":\"2012-10-17\"}"
          },
          "sensitive_attributes": [],
          "private": "bnVsbA==",
          "dependencies": [
            "aws_s3_bucket.cloudtrail_bucket",
            "data.aws_caller_identity.current",
            "data.aws_iam_policy_document.cloudtrail_bucket_policy",
            "data.aws_region.current"
          ]
        }
      ]
    },
    {
      "mode": "managed",
      "type": "aws_s3_bucket_public_access_block",
      "name": "cloudtrail_bucket_pab",
      "provider": "provider[\"registry.terraform.io/hashicorp/aws\"]",
      "instances": [
        {
          "schema_version": 0,
          "attributes": {
            "block_public_acls": true,
            "block_public_policy": true,
            "bucket": "my-cloudtrail-bucket202505301625",
            "id": "my-cloudtrail-bucket202505301625",
            "ignore_public_acls": true,
            "restrict_public_buckets": true
          },
          "sensitive_attributes": [],
          "private": "bnVsbA==",
          "dependencies": [
            "aws_s3_bucket.cloudtrail_bucket"
          ]
        }
      ]
    },
    {
      "mode": "managed",
      "type": "aws_sns_topic",
      "name": "alert-me",
      "provider": "provider[\"registry.terraform.io/hashicorp/aws\"]",
      "instances": [
        {
          "schema_version": 0,
          "attributes": {
            "application_failure_feedback_role_arn": "",
            "application_success_feedback_role_arn": "",
            "application_success_feedback_sample_rate": 0,
            "archive_policy": "",
            "arn": "arn:aws:sns:ap-northeast-1:982081077030:alertmequick",
            "beginning_archive_time": "",
            "content_based_deduplication": false,
            "delivery_policy": "",
            "display_name": "",
            "fifo_throughput_scope": "",
            "fifo_topic": false,
            "firehose_failure_feedback_role_arn": "",
            "firehose_success_feedback_role_arn": "",
            "firehose_success_feedback_sample_rate": 0,
            "http_failure_feedback_role_arn": "",
            "http_success_feedback_role_arn": "",
            "http_success_feedback_sample_rate": 0,
            "id": "arn:aws:sns:ap-northeast-1:982081077030:alertmequick",
            "kms_master_key_id": "",
            "lambda_failure_feedback_role_arn": "",
            "lambda_success_feedback_role_arn": "",
            "lambda_success_feedback_sample_rate": 0,
            "name": "alertmequick",
            "name_prefix": "",
            "owner": "982081077030",
            "policy": "{\"Id\":\"__default_policy_ID\",\"Statement\":[{\"Action\":[\"SNS:GetTopicAttributes\",\"SNS:SetTopicAttributes\",\"SNS:AddPermission\",\"SNS:RemovePermission\",\"SNS:DeleteTopic\",\"SNS:Subscribe\",\"SNS:ListSubscriptionsByTopic\",\"SNS:Publish\"],\"Condition\":{\"StringEquals\":{\"AWS:SourceOwner\":\"982081077030\"}},\"Effect\":\"Allow\",\"Principal\":{\"AWS\":\"*\"},\"Resource\":\"arn:aws:sns:ap-northeast-1:982081077030:alertmequick\",\"Sid\":\"__default_statement_ID\"}],\"Version\":\"2008-10-17\"}",
            "signature_version": 0,
            "sqs_failure_feedback_role_arn": "",
            "sqs_success_feedback_role_arn": "",
            "sqs_success_feedback_sample_rate": 0,
            "tags": {},
            "tags_all": {},
            "tracing_config": ""
          },
          "sensitive_attributes": [],
          "private": "bnVsbA=="
        }
      ]
    },
    {
      "mode": "managed",
      "type": "aws_sns_topic_subscription",
      "name": "alert-me-email",
      "provider": "provider[\"registry.terraform.io/hashicorp/aws\"]",
      "instances": [
        {
          "schema_version": 0,
          "attributes": {
            "arn": "arn:aws:sns:ap-northeast-1:982081077030:alertmequick:5c7cdbf5-9b66-42a8-b0dd-d8177d87b196",
            "confirmation_timeout_in_minutes": 1,
            "confirmation_was_authenticated": false,
            "delivery_policy": "",
            "endpoint": "rahmantanvir1407@gmail.com",
            "endpoint_auto_confirms": false,
            "filter_policy": "",
            "filter_policy_scope": "",
            "id": "arn:aws:sns:ap-northeast-1:982081077030:alertmequick:5c7cdbf5-9b66-42a8-b0dd-d8177d87b196",
            "owner_id": "982081077030",
            "pending_confirmation": false,
            "protocol": "email",
            "raw_message_delivery": false,
            "redrive_policy": "",
            "replay_policy": "",
            "subscription_role_arn": "",
            "topic_arn": "arn:aws:sns:ap-northeast-1:982081077030:alertmequick"
          },
          "sensitive_attributes": [],
          "private": "bnVsbA==",
          "dependencies": [
            "aws_sns_topic.alert-me"
          ]
        }
      ]
    },
    {
      "mode": "managed",
      "type": "aws_ssm_parameter",
      "name": "slack-webhook-url",
      "provider": "provider[\"registry.terraform.io/hashicorp/aws\"]",
      "instances": [
        {
          "schema_version": 0,
          "attributes": {
            "allowed_pattern": "",
            "arn": "arn:aws:ssm:ap-northeast-1:982081077030:parameter/alerts/slack-webhook",
            "data_type": "text",
            "description": "",
            "has_value_wo": null,
            "id": "/alerts/slack-webhook",
            "insecure_value": null,
            "key_id": "alias/aws/ssm",
            "name": "/alerts/slack-webhook",
            "overwrite": null,
            "tags": {},
            "tags_all": {},
            "tier": "Standard",
            "type": "SecureString",
            "value": "https://hooks.slack.com/services/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",
            "value_wo": null,
            "value_wo_version": null,
            "version": 2
          },
          "sensitive_attributes": [
            [
              {
                "type": "get_attr",
                "value": "value_wo"
              }
            ],
            [
              {
                "type": "get_attr",
                "value": "value"
              }
            ]
          ],
          "private": "bnVsbA=="
        }
      ]
    },
    {
      "mode": "managed",
      "type": "aws_ssm_parameter",
      "name": "sns_topic_arn",
      "provider": "provider[\"registry.terraform.io/hashicorp/aws\"]",
      "instances": [
        {
          "schema_version": 0,
          "attributes": {
            "allowed_pattern": "",
            "arn": "arn:aws:ssm:ap-northeast-1:982081077030:parameter/alerts/sns-topic-arn",
            "data_type": "text",
            "description": "",
            "has_value_wo": null,
            "id": "/alerts/sns-topic-arn",
            "insecure_value": null,
            "key_id": "alias/aws/ssm",
            "name": "/alerts/sns-topic-arn",
            "overwrite": null,
            "tags": {},
            "tags_all": {},
            "tier": "Standard",
            "type": "SecureString",
            "value": "arn:aws:sns:ap-northeast-1:982081077030:alertmequick",
            "value_wo": null,
            "value_wo_version": null,
            "version": 1
          },
          "sensitive_attributes": [
            [
              {
                "type": "get_attr",
                "value": "value"
              }
            ],
            [
              {
                "type": "get_attr",
                "value": "value_wo"
              }
            ]
          ],
          "private": "bnVsbA==",
          "dependencies": [
            "aws_sns_topic.alert-me"
          ]
        }
      ]
    }
  ],
  "check_results": null
}
